
Microsoft Visual Studio Solution File, Format Version 12.00
# Visual Studio Version 17
VisualStudioVersion = 17.2.32526.322
MinimumVisualStudioVersion = 10.0.40219.1
Project("{FAE04EC0-301F-11D3-BF4B-00C04F79EFBC}") = "Examen Final", "Examen Final\Examen Final.csproj", "{75C70958-BCBC-476D-9932-4E281E14B8AB}"
EndProject
Global
	GlobalSection(SolutionConfigurationPlatforms) = preSolution
		Debug|Any CPU = Debug|Any CPU
		Release|Any CPU = Release|Any CPU
	EndGlobalSection
	GlobalSection(ProjectConfigurationPlatforms) = postSolution
		{75C70958-BCBC-476D-9932-4E281E14B8AB}.Debug|Any CPU.ActiveCfg = Debug|Any CPU
		{75C70958-BCBC-476D-9932-4E281E14B8AB}.Debug|Any CPU.Build.0 = Debug|Any CPU
		{75C70958-BCBC-476D-9932-4E281E14B8AB}.Release|Any CPU.ActiveCfg = Release|Any CPU
		{75C70958-BCBC-476D-9932-4E281E14B8AB}.Release|Any CPU.Build.0 = Release|Any CPU
	EndGlobalSection
	GlobalSection(SolutionProperties) = preSolution
		HideSolutionNode = FALSE
	EndGlobalSection
	GlobalSection(ExtensibilityGlobals) = postSolution
		SolutionGuid = {04A5981D-5F81-43DF-A7F0-900B72266562}
	EndGlobalSection
EndGlobal
